
Microsoft Visual Studio Solution File, Format Version 12.00
# Visual Studio Version 17
VisualStudioVersion = 17.10.34916.146
MinimumVisualStudioVersion = 10.0.40219.1
Project("{9A19103F-16F7-4668-BE54-9A1E7A4F7556}") = "TestOldSchoolCool", "TestOldSchoolCool\TestOldSchoolCool.csproj", "{E1CE88E4-17DE-44EE-9029-F89DC82F975D}"
EndProject
Project("{9A19103F-16F7-4668-BE54-9A1E7A4F7556}") = "Infocalm", "Infocalm\Infocalm.csproj", "{5C4AC49B-372E-4711-8278-411665C7E760}"
EndProject
Global
	GlobalSection(SolutionConfigurationPlatforms) = preSolution
		Debug|Any CPU = Debug|Any CPU
		Release|Any CPU = Release|Any CPU
	EndGlobalSection
	GlobalSection(ProjectConfigurationPlatforms) = postSolution
		{E1CE88E4-17DE-44EE-9029-F89DC82F975D}.Debug|Any CPU.ActiveCfg = Debug|Any CPU
		{E1CE88E4-17DE-44EE-9029-F89DC82F975D}.Debug|Any CPU.Build.0 = Debug|Any CPU
		{E1CE88E4-17DE-44EE-9029-F89DC82F975D}.Release|Any CPU.ActiveCfg = Release|Any CPU
		{E1CE88E4-17DE-44EE-9029-F89DC82F975D}.Release|Any CPU.Build.0 = Release|Any CPU
		{5C4AC49B-372E-4711-8278-411665C7E760}.Debug|Any CPU.ActiveCfg = Debug|Any CPU
		{5C4AC49B-372E-4711-8278-411665C7E760}.Debug|Any CPU.Build.0 = Debug|Any CPU
		{5C4AC49B-372E-4711-8278-411665C7E760}.Release|Any CPU.ActiveCfg = Release|Any CPU
		{5C4AC49B-372E-4711-8278-411665C7E760}.Release|Any CPU.Build.0 = Release|Any CPU
	EndGlobalSection
	GlobalSection(SolutionProperties) = preSolution
		HideSolutionNode = FALSE
	EndGlobalSection
	GlobalSection(ExtensibilityGlobals) = postSolution
		SolutionGuid = {F8856031-E639-4AC1-8B14-C52CC769C540}
	EndGlobalSection
EndGlobal
